
Microsoft Visual Studio Solution File, Format Version 12.00
# Visual Studio Version 16
VisualStudioVersion = 16.0.30804.86
MinimumVisualStudioVersion = 10.0.40219.1
Project("{FAE04EC0-301F-11D3-BF4B-00C04F79EFBC}") = "HelloWorld", "HelloWorld\HelloWorld.csproj", "{B57B3D38-39DB-41A3-B673-998AC623D834}"
EndProject
Global
	GlobalSection(SolutionConfigurationPlatforms) = preSolution
		Debug|Any CPU = Debug|Any CPU
		Release|Any CPU = Release|Any CPU
	EndGlobalSection
	GlobalSection(ProjectConfigurationPlatforms) = postSolution
		{B57B3D38-39DB-41A3-B673-998AC623D834}.Debug|Any CPU.ActiveCfg = Debug|Any CPU
		{B57B3D38-39DB-41A3-B673-998AC623D834}.Debug|Any CPU.Build.0 = Debug|Any CPU
		{B57B3D38-39DB-41A3-B673-998AC623D834}.Release|Any CPU.ActiveCfg = Release|Any CPU
		{B57B3D38-39DB-41A3-B673-998AC623D834}.Release|Any CPU.Build.0 = Release|Any CPU
	EndGlobalSection
	GlobalSection(SolutionProperties) = preSolution
		HideSolutionNode = FALSE
	EndGlobalSection
	GlobalSection(ExtensibilityGlobals) = postSolution
		SolutionGuid = {388A76EF-5BDD-46F3-B4B0-2B9A80EC0804}
	EndGlobalSection
EndGlobal
