
Microsoft Visual Studio Solution File, Format Version 12.00
# Visual Studio Version 16
VisualStudioVersion = 16.0.30804.86
MinimumVisualStudioVersion = 10.0.40219.1
Project("{FAE04EC0-301F-11D3-BF4B-00C04F79EFBC}") = "String-2", "String-2\String-2.csproj", "{9DA4BEA5-0607-4002-80A8-98B1454E7E93}"
EndProject
Global
	GlobalSection(SolutionConfigurationPlatforms) = preSolution
		Debug|Any CPU = Debug|Any CPU
		Release|Any CPU = Release|Any CPU
	EndGlobalSection
	GlobalSection(ProjectConfigurationPlatforms) = postSolution
		{9DA4BEA5-0607-4002-80A8-98B1454E7E93}.Debug|Any CPU.ActiveCfg = Debug|Any CPU
		{9DA4BEA5-0607-4002-80A8-98B1454E7E93}.Debug|Any CPU.Build.0 = Debug|Any CPU
		{9DA4BEA5-0607-4002-80A8-98B1454E7E93}.Release|Any CPU.ActiveCfg = Release|Any CPU
		{9DA4BEA5-0607-4002-80A8-98B1454E7E93}.Release|Any CPU.Build.0 = Release|Any CPU
	EndGlobalSection
	GlobalSection(SolutionProperties) = preSolution
		HideSolutionNode = FALSE
	EndGlobalSection
	GlobalSection(ExtensibilityGlobals) = postSolution
		SolutionGuid = {8758233A-5BA9-4280-B9B8-F4928E195F45}
	EndGlobalSection
EndGlobal
