
Microsoft Visual Studio Solution File, Format Version 12.00
# Visual Studio Version 16
VisualStudioVersion = 16.0.30804.86
MinimumVisualStudioVersion = 10.0.40219.1
Project("{FAE04EC0-301F-11D3-BF4B-00C04F79EFBC}") = "Arrow-1", "Arrow-1\Arrow-1.csproj", "{721AE567-011B-42F1-814B-D3D4260C0621}"
EndProject
Global
	GlobalSection(SolutionConfigurationPlatforms) = preSolution
		Debug|Any CPU = Debug|Any CPU
		Release|Any CPU = Release|Any CPU
	EndGlobalSection
	GlobalSection(ProjectConfigurationPlatforms) = postSolution
		{721AE567-011B-42F1-814B-D3D4260C0621}.Debug|Any CPU.ActiveCfg = Debug|Any CPU
		{721AE567-011B-42F1-814B-D3D4260C0621}.Debug|Any CPU.Build.0 = Debug|Any CPU
		{721AE567-011B-42F1-814B-D3D4260C0621}.Release|Any CPU.ActiveCfg = Release|Any CPU
		{721AE567-011B-42F1-814B-D3D4260C0621}.Release|Any CPU.Build.0 = Release|Any CPU
	EndGlobalSection
	GlobalSection(SolutionProperties) = preSolution
		HideSolutionNode = FALSE
	EndGlobalSection
	GlobalSection(ExtensibilityGlobals) = postSolution
		SolutionGuid = {DBDDD70A-224B-47BB-991D-0DCBDCD73450}
	EndGlobalSection
EndGlobal
