
Microsoft Visual Studio Solution File, Format Version 12.00
# Visual Studio Version 16
VisualStudioVersion = 16.0.30804.86
MinimumVisualStudioVersion = 10.0.40219.1
Project("{FAE04EC0-301F-11D3-BF4B-00C04F79EFBC}") = "String-1", "String-1\String-1.csproj", "{C6EB2098-2EE6-4F8B-8DDE-31ECC223BB20}"
EndProject
Global
	GlobalSection(SolutionConfigurationPlatforms) = preSolution
		Debug|Any CPU = Debug|Any CPU
		Release|Any CPU = Release|Any CPU
	EndGlobalSection
	GlobalSection(ProjectConfigurationPlatforms) = postSolution
		{C6EB2098-2EE6-4F8B-8DDE-31ECC223BB20}.Debug|Any CPU.ActiveCfg = Debug|Any CPU
		{C6EB2098-2EE6-4F8B-8DDE-31ECC223BB20}.Debug|Any CPU.Build.0 = Debug|Any CPU
		{C6EB2098-2EE6-4F8B-8DDE-31ECC223BB20}.Release|Any CPU.ActiveCfg = Release|Any CPU
		{C6EB2098-2EE6-4F8B-8DDE-31ECC223BB20}.Release|Any CPU.Build.0 = Release|Any CPU
	EndGlobalSection
	GlobalSection(SolutionProperties) = preSolution
		HideSolutionNode = FALSE
	EndGlobalSection
	GlobalSection(ExtensibilityGlobals) = postSolution
		SolutionGuid = {28BB73E4-67BE-4B2A-95B6-FCA8DB164B00}
	EndGlobalSection
EndGlobal
